[ "meck": {:git,"git://github.com/eproxus/meck.git","161e240166a0d20e9ffa2be5d0bfa6a981f12aef",[]},
  "mix_protobuffs": {:git,"git://github.com/taybin/mix_protobuffs.git","ce8b18608483ca0100ac98ef3f4da9650ca9a92b",[branch: "test_branch"]},
  "protobuffs": {:git,"git://github.com/basho/erlang_protobuffs.git","2e6b75ada50f09f7e7efdd287571fb1b0e2fda48",[]} ]
