[ "meck": {:git, "https://github.com/eproxus/meck", "161e240166a0d20e9ffa2be5d0bfa6a981f12aef", [branch: "master"]},
  "mix_protobuffs": {:git, "git://github.com/taybin/mix_protobuffs.git", "ce8b18608483ca0100ac98ef3f4da9650ca9a92b", [branch: "test_branch"]},
  "protobuffs": {:git, "git://github.com/basho/erlang_protobuffs.git", "f90e025518bdfbe48d6303c6aa5101297c56fb7b", []} ]
